
Microsoft Visual Studio Solution File, Format Version 12.00
# Visual Studio 15
VisualStudioVersion = 15.0.28010.2003
MinimumVisualStudioVersion = 10.0.40219.1
Project("{FAE04EC0-301F-11D3-BF4B-00C04F79EFBC}") = "Prueba de HashTable", "Prueba de HashTable\Prueba de HashTable.csproj", "{22E1E4EF-60D8-4DEF-931D-17E5BA0194FB}"
EndProject
Global
	GlobalSection(SolutionConfigurationPlatforms) = preSolution
		Debug|Any CPU = Debug|Any CPU
		Release|Any CPU = Release|Any CPU
	EndGlobalSection
	GlobalSection(ProjectConfigurationPlatforms) = postSolution
		{22E1E4EF-60D8-4DEF-931D-17E5BA0194FB}.Debug|Any CPU.ActiveCfg = Debug|Any CPU
		{22E1E4EF-60D8-4DEF-931D-17E5BA0194FB}.Debug|Any CPU.Build.0 = Debug|Any CPU
		{22E1E4EF-60D8-4DEF-931D-17E5BA0194FB}.Release|Any CPU.ActiveCfg = Release|Any CPU
		{22E1E4EF-60D8-4DEF-931D-17E5BA0194FB}.Release|Any CPU.Build.0 = Release|Any CPU
	EndGlobalSection
	GlobalSection(SolutionProperties) = preSolution
		HideSolutionNode = FALSE
	EndGlobalSection
	GlobalSection(ExtensibilityGlobals) = postSolution
		SolutionGuid = {0458672E-9D74-469A-84E3-82A20BB00A19}
	EndGlobalSection
EndGlobal
