
Microsoft Visual Studio Solution File, Format Version 12.00
# Visual Studio 15
VisualStudioVersion = 15.0.28010.2003
MinimumVisualStudioVersion = 10.0.40219.1
Project("{FAE04EC0-301F-11D3-BF4B-00C04F79EFBC}") = "Prueba de struct y enum", "Prueba de struct y enum\Prueba de struct y enum.csproj", "{22AE8F91-2F95-4D8F-8D93-104D0A9BAC80}"
EndProject
Global
	GlobalSection(SolutionConfigurationPlatforms) = preSolution
		Debug|Any CPU = Debug|Any CPU
		Release|Any CPU = Release|Any CPU
	EndGlobalSection
	GlobalSection(ProjectConfigurationPlatforms) = postSolution
		{22AE8F91-2F95-4D8F-8D93-104D0A9BAC80}.Debug|Any CPU.ActiveCfg = Debug|Any CPU
		{22AE8F91-2F95-4D8F-8D93-104D0A9BAC80}.Debug|Any CPU.Build.0 = Debug|Any CPU
		{22AE8F91-2F95-4D8F-8D93-104D0A9BAC80}.Release|Any CPU.ActiveCfg = Release|Any CPU
		{22AE8F91-2F95-4D8F-8D93-104D0A9BAC80}.Release|Any CPU.Build.0 = Release|Any CPU
	EndGlobalSection
	GlobalSection(SolutionProperties) = preSolution
		HideSolutionNode = FALSE
	EndGlobalSection
	GlobalSection(ExtensibilityGlobals) = postSolution
		SolutionGuid = {8D285865-1898-4B7A-BF93-8966E26D3C6E}
	EndGlobalSection
EndGlobal
