
Microsoft Visual Studio Solution File, Format Version 12.00
# Visual Studio 15
VisualStudioVersion = 15.0.28010.2003
MinimumVisualStudioVersion = 10.0.40219.1
Project("{FAE04EC0-301F-11D3-BF4B-00C04F79EFBC}") = "Ejercicio 1 Hoja 1 Arrays", "Ejercicio 1 Hoja 1 Arrays\Ejercicio 1 Hoja 1 Arrays.csproj", "{B2DC8178-C6BD-4CAE-8504-520E5FED3555}"
EndProject
Global
	GlobalSection(SolutionConfigurationPlatforms) = preSolution
		Debug|Any CPU = Debug|Any CPU
		Release|Any CPU = Release|Any CPU
	EndGlobalSection
	GlobalSection(ProjectConfigurationPlatforms) = postSolution
		{B2DC8178-C6BD-4CAE-8504-520E5FED3555}.Debug|Any CPU.ActiveCfg = Debug|Any CPU
		{B2DC8178-C6BD-4CAE-8504-520E5FED3555}.Debug|Any CPU.Build.0 = Debug|Any CPU
		{B2DC8178-C6BD-4CAE-8504-520E5FED3555}.Release|Any CPU.ActiveCfg = Release|Any CPU
		{B2DC8178-C6BD-4CAE-8504-520E5FED3555}.Release|Any CPU.Build.0 = Release|Any CPU
	EndGlobalSection
	GlobalSection(SolutionProperties) = preSolution
		HideSolutionNode = FALSE
	EndGlobalSection
	GlobalSection(ExtensibilityGlobals) = postSolution
		SolutionGuid = {998A9842-C734-4A47-809B-3DBAF87203D3}
	EndGlobalSection
EndGlobal
